version = 1
revision = 5
requires-python = ">=3.12, <3.14"

[[package]]
name = "flatbuffers"
version = "25.12.19"
source = { registry = "https://pypi.org/simple" }
wheels = [
    { url = "https://files.pythonhosted.org/packages/e8/2d/d2a548598be01649e2d46231d151a6c56d10b964d94043a335ae56ea2d92/flatbuffers-25.12.19-py2.py3-none-any.whl", hash = "sha256:7634f50c427838bb021c2d66a3d1168e9d199b0607e6329399f04846d42e20b4", size = 26661, upload-time = "2025-12-19T23:16:13.622Z" },
]

[[package]]
name = "numpy"
version = "2.5.3"
source = { registry = "https://pypi.org/simple" }
sdist = { url = "https://files.pythonhosted.org/packages/13/01/11703282db468b85f6f7b8c7f22d058de5970d5c7e60a3a8aaa313c3de36/numpy-2.5.3.tar.gz", hash = "sha256:df2d5874ff183595a4ba404edd04f6bd9b5505c1d7708573f6a6c17489a67563", size = 20791231, upload-time = "2026-09-06T16:27:47.073Z" }
wheels = [
    { url = "https://files.pythonhosted.org/packages/d6/50/8fdbb16af64895706a45f06a4068e29db732ec180f3c1375f14123359138/numpy-2.5.3-cp312-cp312-macosx_10_13_x86_64.whl", hash = "sha256:cb189f09db39283b26bfd061ec16189e14f71c6755207f72a0f7540867afe5b9", size = 16994982, upload-time = "2026-09-06T16:24:29.244Z" },
    { url = "https://files.pythonhosted.org/packages/60/39/789131c1188c078dcb3a1692e72e1e050c68b88ffe72c9ccaac9bcd7a9cd/numpy-2.5.3-cp312-cp312-macosx_11_0_arm64.whl", hash = "sha256:f59a878c33d6b88122d80d239bb3b845d58708750b0cb06a09aebb9b18ec696c", size = 12009327, upload-time = "2026-09-06T16:24:32.491Z" },
    { url = "https://files.pythonhosted.org/packages/9c/59/a312e95696e5f601914dd8b6dd844692ba61670807417e24b68e337b5c70/numpy-2.5.3-cp312-cp312-macosx_14_0_arm64.whl", hash = "sha256:a72f874bc9e10e4b8f80426fb49716d5141f64442a0c8418065093ec8017fbb0", size = 5445405, upload-time = "2026-09-06T16:24:35.071Z" },
    { url = "https://files.pythonhosted.org/packages/30/d0/5623a1707ed4fe16e3909fe3cf5ee3da004ae677ad23d83bbf3adf1a6faf/numpy-2.5.3-cp312-cp312-macosx_14_0_x86_64.whl", hash = "sha256:fc36dc566135b5eceec4cf89758fcb719266a019ef07dae1754ae7c9f617ef3e", size = 6783213, upload-time = "2026-09-06T16:24:37.253Z" },
    { url = "https://files.pythonhosted.org/packages/f1/32/84146fc020ad3c25f805f70ab60da46fe3c540a21369754a7e4369754b6f/numpy-2.5.3-cp312-cp312-manylinux_2_27_aarch64.manylinux_2_28_aarch64.whl", hash = "sha256:76c2c1e6bfa5c84adc6434dfbf013aa92096a7985221762c8f11fedfd20fff58", size = 15687872, upload-time = "2026-09-06T16:24:39.751Z" },
    { url = "https://files.pythonhosted.org/packages/65/af/aa78d1a88805456e212b65461354cd943197fb9acecc4c90fd12295123a3/numpy-2.5.3-cp312-cp312-manylinux_2_27_x86_64.manylinux_2_28_x86_64.whl", hash = "sha256:b7e18c623bb5c95acb3b3328861272816ba199fb531921c5d6d0b675f1fde9e3", size = 16717410, upload-time = "2026-09-06T16:24:42.745Z" },
    { url = "https://files.pythonhosted.org/packages/3b/24/faa79d865e69a97ba17473b23a1b74094b2259c03e820c70297293b9ea49/numpy-2.5.3-cp312-cp312-musllinux_1_2_aarch64.whl", hash = "sha256:4f8929ee6c96bfbd7b4ed2032e0c03af86fe1826740ab61ddabf9072d06e57ff", size = 17040975, upload-time = "2026-09-06T16:24:45.961Z" },
    { url = "https://files.pythonhosted.org/packages/62/4a/8877e629445a7176297dffcaf9c485faa96a95d81728a62521ad55bd4c0f/numpy-2.5.3-cp312-cp312-musllinux_1_2_x86_64.whl", hash = "sha256:b5d93cf48f687479941d12b69c873ad2cc76bbd487f0091c2200636497f34034", size = 18476479, upload-time = "2026-09-06T16:24:49.35Z" },
    { url = "https://files.pythonhosted.org/packages/c8/db/35e1c2d38b04cbd5b731f9d71495e055e813197669d22b612f11748d2ff9/numpy-2.5.3-cp312-cp312-win32.whl", hash = "sha256:bf63afbe037eb5d2fe87fbcc7778e61da53ebaf21d938a4515aa73b62532a5d4", size = 6133378, upload-time = "2026-09-06T16:24:51.915Z" },
    { url = "https://files.pythonhosted.org/packages/3c/a1/accf6d4f0c80c5d9ba9735d6b1550e444180599f34dec69ca01360f717ad/numpy-2.5.3-cp312-cp312-win_amd64.whl", hash = "sha256:0a59a421a32580a009e8a1751345bf829631b990dc1794b80514ab722b435def", size = 12567828, upload-time = "2026-09-06T16:24:54.255Z" },
    { url = "https://files.pythonhosted.org/packages/22/43/1764aff32e4652526ae2f71fa8b3efd8d25c8a3d6926914454e47138ed1e/numpy-2.5.3-cp312-cp312-win_arm64.whl", hash = "sha256:ccb32e0525d29e8b0572eb84c9a57af0e7a4e615726927506f55063c62414034", size = 10485432, upload-time = "2026-09-06T16:24:57.278Z" },
    { url = "https://files.pythonhosted.org/packages/79/e5/8fb89cd46d14e35699d13bf943a5f5f441ecee8667120a1f6105ab89e349/numpy-2.5.3-cp313-cp313-macosx_10_13_x86_64.whl", hash = "sha256:66a78fe4556c60aceda5916f9eacd638b18e9e681016ec302dcb4682d6d4d034", size = 16991061, upload-time = "2026-09-06T16:25:00.411Z" },
    { url = "https://files.pythonhosted.org/packages/2f/06/9dc9e48b5e5e941c8b10350c5ff2d721da42a20517d911d15544246775ff/numpy-2.5.3-cp313-cp313-macosx_11_0_arm64.whl", hash = "sha256:92f30e89b8ee0ecf363033576c422b2f58fed6a80bed0aa48dff6d14c654663e", size = 12003676, upload-time = "2026-09-06T16:25:03.475Z" },
    { url = "https://files.pythonhosted.org/packages/ab/2a/98282aa5b8f58b1157d440bb6282eed47e3632a5de53a714fbab17e659fe/numpy-2.5.3-cp313-cp313-macosx_14_0_arm64.whl", hash = "sha256:f9a2353b37a1a9e78fd82b27ad7e2a32a2d036604d18f02b05e3136c62ca3b09", size = 5439695, upload-time = "2026-09-06T16:25:05.978Z" },
    { url = "https://files.pythonhosted.org/packages/a1/f9/b6533d777be9d6ffd29dc1be0867e563e6e8cc9a220ff1b716adc317f060/numpy-2.5.3-cp313-cp313-macosx_14_0_x86_64.whl", hash = "sha256:ccbc4665079665c3cf3bab4db9f6b095370cd6437d66be549b6c2a1fd19e1958", size = 6779395, upload-time = "2026-09-06T16:25:08.599Z" },
    { url = "https://files.pythonhosted.org/packages/73/85/735720d04ec197c5dcfacdfc9922667c7f1f5f496a279b7ba4d7c74c4cc7/numpy-2.5.3-cp313-cp313-manylinux_2_27_aarch64.manylinux_2_28_aarch64.whl", hash = "sha256:c76d5dde9f445058f83d0c02af00557a4db91de9a9a57c0df87d1535001d654b", size = 15681750, upload-time = "2026-09-06T16:25:11.173Z" },
    { url = "https://files.pythonhosted.org/packages/3a/1b/3b16a9bc514a440a7a0883684111dcb1ef1aee960af2ca95da8fc775f124/numpy-2.5.3-cp313-cp313-manylinux_2_27_x86_64.manylinux_2_28_x86_64.whl", hash = "sha256:a5fa86b80fd24bcd1aff83ad23be44ea323de3f787be8f8b15d4a65621e25321", size = 16708577, upload-time = "2026-09-06T16:25:14.171Z" },
    { url = "https://files.pythonhosted.org/packages/69/c4/386f397831b07328b639c96c5b62719346cf4baf07c68d927239752b1534/numpy-2.5.3-cp313-cp313-musllinux_1_2_aarch64.whl", hash = "sha256:bd4cb9ad3c7889b9b3fe0a9a9fb5d2ed26f9879bff2608d9f01aed147a20d231", size = 17042047, upload-time = "2026-09-06T16:25:17.582Z" },
    { url = "https://files.pythonhosted.org/packages/5f/3e/a700ecbf36e85ae8328fd3b0e12eeddc22ed6358a64cb2bd913e0d195d65/numpy-2.5.3-cp313-cp313-musllinux_1_2_x86_64.whl", hash = "sha256:1302b90c0e52281681b2975adfe8a860cb7b12216a27b4b0b4207c44bf7bccf0", size = 18465724, upload-time = "2026-09-06T16:25:20.949Z" },
    { url = "https://files.pythonhosted.org/packages/41/ee/38e785e88a4045f6ad1d1f2808dcdfafdca48c760260c0587bf171e29fc9/numpy-2.5.3-cp313-cp313-win32.whl", hash = "sha256:1c80eabb4035ecf4ca9cd49cde8a9fdd69a729e63e6474887d1523ade7aa277f", size = 6129003, upload-time = "2026-09-06T16:25:23.664Z" },
    { url = "https://files.pythonhosted.org/packages/f3/ec/100f2b1794ede74a9b3d7ec6b9736927f56713414c1dfe19ab6c383494bf/numpy-2.5.3-cp313-cp313-win_amd64.whl", hash = "sha256:71cad2b2a7451ab79d8f5e71b453485b6775963d5cf794179144a7463fe6e8ec", size = 12560965, upload-time = "2026-09-06T16:25:26.602Z" },
    { url = "https://files.pythonhosted.org/packages/80/b1/7dc825ca94c12acebbce4c37caa5e198695eb31424bc579679f32b1bb49d/numpy-2.5.3-cp313-cp313-win_arm64.whl", hash = "sha256:8e4dd766076855b5ff7ea52fa5f07ce26286726e0f8bff446b7739d02e6ea204", size = 10482343, upload-time = "2026-09-06T16:25:29.772Z" },
]

[[package]]
name = "onnxruntime"
version = "1.30.0"
source = { registry = "https://pypi.org/simple" }
dependencies = [
    { name = "flatbuffers" },
    { name = "numpy" },
    { name = "packaging" },
    { name = "protobuf" },
]
wheels = [
    { url = "https://files.pythonhosted.org/packages/31/6f/48169f2e62b405bff5053cbd1d73fb5ce41ef7ecd13bb3bfcc191e689b8a/onnxruntime-1.30.0-cp312-cp312-macosx_14_0_arm64.whl", hash = "sha256:001ed726c9bd5e2bc92faade7d37d889e9606a350b7d5529f0227df2e3bb57fd", size = 21544867, upload-time = "2026-09-10T16:31:19.876Z" },
    { url = "https://files.pythonhosted.org/packages/16/bd/cbc5b8f91963689fdd622f463508c01d0aa95d3f944747b1e0b1eb2160b8/onnxruntime-1.30.0-cp312-cp312-manylinux_2_28_aarch64.whl", hash = "sha256:6c32a000d5139a38ba9349030b0032e3331acb559d596b22738d9d2b343a2b83", size = 21345202, upload-time = "2026-09-10T16:31:23.361Z" },
    { url = "https://files.pythonhosted.org/packages/34/35/e7f862dbacbc99fadd9b14a614e49c99bf0f35fd9927a82f096e3de33531/onnxruntime-1.30.0-cp312-cp312-manylinux_2_28_x86_64.whl", hash = "sha256:fa688e7891a6aa206636fe7372e27ee75fd17713289f6b4fc7b190e0a7de9328", size = 23585654, upload-time = "2026-09-10T16:31:26.65Z" },
    { url = "https://files.pythonhosted.org/packages/a6/13/0f1699f6de549c9324bc9112a2a85b14c517904cd11b562a654643b755a1/onnxruntime-1.30.0-cp312-cp312-win_amd64.whl", hash = "sha256:f3501472571f1b1eee50e017851e7929f5ea37312d2d8c2494a19e8fc58b4a38", size = 14311470, upload-time = "2026-09-10T16:31:31.273Z" },
    { url = "https://files.pythonhosted.org/packages/a2/17/02b13e5f51461f0453b18ab854e2d0bc1b6ec353241b05a2ee6b79e35d87/onnxruntime-1.30.0-cp312-cp312-win_arm64.whl", hash = "sha256:dc4c706f1935ebb62356e6a095b047859badd854482c40560888e95c328ed262", size = 14175072, upload-time = "2026-09-10T16:31:34.541Z" },
    { url = "https://files.pythonhosted.org/packages/f0/75/508454c5d01f31641dabc597fe559594c931a520a2673031179319d0afd8/onnxruntime-1.30.0-cp313-cp313-macosx_14_0_arm64.whl", hash = "sha256:05e4fc41711d1f4abd19a9124b5be7a65a506cb2670a7f14b16162ef13c58134", size = 21544990, upload-time = "2026-09-10T16:31:37.685Z" },
    { url = "https://files.pythonhosted.org/packages/89/06/e603c71f43f4fe3fd156a053af79cbed6e27a2c649f0988a67d97fedd39f/onnxruntime-1.30.0-cp313-cp313-manylinux_2_28_aarch64.whl", hash = "sha256:5327cf6aa15a02bad805fac8bd6882a62571e8b72f6f2938a8f37e6bd1966ce9", size = 21344996, upload-time = "2026-09-10T16:31:40.915Z" },
    { url = "https://files.pythonhosted.org/packages/f1/a1/ede48ab5dc54907a2999362777f541e132639fb06628ded1932058aa8a36/onnxruntime-1.30.0-cp313-cp313-manylinux_2_28_x86_64.whl", hash = "sha256:86f940afc801ea9681a4da8af84fbe95e1d9ea7d80903952cc1bfad54faad38f", size = 23585560, upload-time = "2026-09-10T16:31:44.941Z" },
    { url = "https://files.pythonhosted.org/packages/3c/dd/c57c529dbc6dd55eca24b12cfbeab1b6a690de72083824eca689085f55b0/onnxruntime-1.30.0-cp313-cp313-win_amd64.whl", hash = "sha256:4b63041bd623a9a9ac5e353948436c6fa7f43edd12d6b4a4ebc340bca959ba93", size = 14311378, upload-time = "2026-09-10T16:31:48.034Z" },
    { url = "https://files.pythonhosted.org/packages/11/2f/ef00b45b911e7f2115273a24ed1b43e73c8c6c9ec17f9bfa13f8492581f8/onnxruntime-1.30.0-cp313-cp313-win_arm64.whl", hash = "sha256:c389b6887fc95e0fcb80e89b156bc2cb18e662c29df55e9326fe64140e7d7b4f", size = 14175134, upload-time = "2026-09-10T16:31:50.799Z" },
    { url = "https://files.pythonhosted.org/packages/92/0a/284fd6fe701c9a8aff39dbc119c37582ca40e9cff1ea05425a7cc8606a02/onnxruntime-1.30.0-cp313-cp313t-manylinux_2_28_aarch64.whl", hash = "sha256:e5224ba2b00284cb1c48b3edcd303c109245d66df9ec1b861858fd6de672a38e", size = 21349453, upload-time = "2026-09-10T16:31:53.898Z" },
    { url = "https://files.pythonhosted.org/packages/d6/72/4f4466f8fa1ec267a9ef5e2f3bd175c203d3da0facbdf4049dc93abbe91c/onnxruntime-1.30.0-cp313-cp313t-manylinux_2_28_x86_64.whl", hash = "sha256:3f9e002417f1e3bbb31ed43dafa4f22ca1b2b68832244fdee192fcaa1ae19bca", size = 23579837, upload-time = "2026-09-10T16:31:56.82Z" },
]

[[package]]
name = "onnxruntime-genai"
version = "0.17.1"
source = { registry = "https://pypi.org/simple" }
dependencies = [
    { name = "numpy" },
    { name = "onnxruntime" },
]
wheels = [
    { url = "https://files.pythonhosted.org/packages/33/8f/82dc39e40fe475b1d235da8f9b7afef1831a44dea6bf666d53ff6805d96d/onnxruntime_genai-0.17.1-cp312-cp312-macosx_12_0_arm64.whl", hash = "sha256:507a9c31405475861d1615685af0bd31b4743e7bfe1483493f6172c7b6923d81", size = 4746273, upload-time = "2026-09-29T05:18:39.148Z" },
    { url = "https://files.pythonhosted.org/packages/ee/65/efede2fc12a1cad861615f2ab959bb3bc30a22cd494fbbb315d9d4551720/onnxruntime_genai-0.17.1-cp312-cp312-manylinux_2_28_aarch64.whl", hash = "sha256:a887b1bd47a0fe197d5af87bffe4af5e08c9a18186abaea3508532543aa25139", size = 11967253, upload-time = "2026-09-29T05:18:41.032Z" },
    { url = "https://files.pythonhosted.org/packages/f0/37/0acfad3db76f97d890b2aa71e29b795693b0ff89158086ea2957b88a5655/onnxruntime_genai-0.17.1-cp312-cp312-manylinux_2_28_x86_64.whl", hash = "sha256:89ad23eddcb24158809ad83fdd3a7a88e5928a0026ca7cd6baa0807b0d6cb579", size = 12312990, upload-time = "2026-09-29T05:18:43.567Z" },
    { url = "https://files.pythonhosted.org/packages/d9/36/a4e1da428d99190453de629a4d4b30c47c81c366d2060daaa1a9acb097d4/onnxruntime_genai-0.17.1-cp312-cp312-win_amd64.whl", hash = "sha256:7c7e6ec20710059f8f72f2fad1e9127eb955cd9059b1321da6f15374b1b0ba78", size = 4224498, upload-time = "2026-09-29T05:18:45.592Z" },
    { url = "https://files.pythonhosted.org/packages/3a/b0/c92c40901d00edb38e2562249a927ed733df7774aec8b87aba067ee24f91/onnxruntime_genai-0.17.1-cp312-cp312-win_arm64.whl", hash = "sha256:8f9fe06c0240f704215fb175597f72298e7d14d9cc9fe1d739ce77e295a17a0e", size = 4069076, upload-time = "2026-09-29T05:18:47.058Z" },
    { url = "https://files.pythonhosted.org/packages/44/52/4b1ec8466e1d7acda4b4dc2c3372658309870c560b06d5e4b7c7ef53a3bf/onnxruntime_genai-0.17.1-cp313-cp313-macosx_12_0_arm64.whl", hash = "sha256:2497a044b9a3043dd3ec73e7e7f80ddfd7b8772f48e1dec39be7312d7440e763", size = 4746300, upload-time = "2026-09-29T05:18:48.524Z" },
    { url = "https://files.pythonhosted.org/packages/58/a6/bb19e58954efd828d9d7ca32da792071d7c4812accfe23e8a23bde8f5f5e/onnxruntime_genai-0.17.1-cp313-cp313-manylinux_2_28_aarch64.whl", hash = "sha256:d1b37e2068db05386321809a0425d7658dd084fbb2e0096875498e99d5d9ca51", size = 11967288, upload-time = "2026-09-29T05:18:50.415Z" },
    { url = "https://files.pythonhosted.org/packages/24/24/639bdec9f2ffa884bcaf35f885a74bf81cda00cf2b054f5663df80020c91/onnxruntime_genai-0.17.1-cp313-cp313-manylinux_2_28_x86_64.whl", hash = "sha256:a1541334e4634fbfd5a0566898171bd6efbb703e5988de1b5c6e1af4fa5fe72c", size = 12312990, upload-time = "2026-09-29T05:18:52.748Z" },
    { url = "https://files.pythonhosted.org/packages/1f/a9/f13ee703497735c64ca6ebb763a14e86a46c468d56feeab6e3b6d6220772/onnxruntime_genai-0.17.1-cp313-cp313-win_amd64.whl", hash = "sha256:aed145fc2e6c801d4e45a80b4961d996eae9e270e27f2c7ffca016242efabfad", size = 4224462, upload-time = "2026-09-29T05:18:54.755Z" },
    { url = "https://files.pythonhosted.org/packages/d4/a9/eceeba504152a003631491c2279be2ac1376f8c6667bd84348d84eece09e/onnxruntime_genai-0.17.1-cp313-cp313-win_arm64.whl", hash = "sha256:3d3b6c12981ebee1563bcda0d57ae66bf5f2a3286f5d82ee18fe649987270219", size = 4069087, upload-time = "2026-09-29T05:18:56.265Z" },
]

[[package]]
name = "openvino"
version = "2026.4.1"
source = { registry = "https://pypi.org/simple" }
dependencies = [
    { name = "numpy" },
    { name = "openvino-telemetry" },
]
wheels = [
    { url = "https://files.pythonhosted.org/packages/b3/4e/865889882a3be23beaf9808f93069c05e2eb8c8ff4e9b913568fc0383ce4/openvino-2026.4.1-22982-cp312-cp312-macosx_11_0_arm64.whl", hash = "sha256:726ac547b8474a5e7b145bc1ae5a8bb6fbcbb60b79bd9a611c67eec2c74b7a5f", size = 33341733, upload-time = "2026-10-01T09:58:47.515Z" },
    { url = "https://files.pythonhosted.org/packages/ec/3a/2a173ac1ad749ff0b041788eefc1ade0d410231fedfc43f77474f3b806cc/openvino-2026.4.1-22982-cp312-cp312-manylinux_2_28_x86_64.whl", hash = "sha256:6b4375c17ddcac83a5180349e2e2bb811185c261066e2a920659892d58ef0e3b", size = 59144434, upload-time = "2026-10-01T09:58:51.34Z" },
    { url = "https://files.pythonhosted.org/packages/b2/d7/390c0ec5b81b6e089b012aaba6a2dc14f3ac7c52bfd78d10f074e72616ab/openvino-2026.4.1-22982-cp312-cp312-manylinux_2_35_aarch64.whl", hash = "sha256:82efccb2f9f1bdc7e5a1996e05a3b719ebff9232dd54b44150d6d2e983a86b7d", size = 30332437, upload-time = "2026-10-01T09:58:54.385Z" },
    { url = "https://files.pythonhosted.org/packages/d0/44/66a61b7cfccea1dfa20e95a04b4157f07a0e4dc3f7e894b22a92abb8822b/openvino-2026.4.1-22982-cp312-cp312-win_amd64.whl", hash = "sha256:4e04316abff1b99e29b8cbd38deaef9bde4739eba216d982d4b3981e456ecd87", size = 84964415, upload-time = "2026-10-01T09:58:59.18Z" },
    { url = "https://files.pythonhosted.org/packages/3e/75/66fc1f74a4c9cdc7bf2d4773dd7e199589ec87884d10b9e58b4eca1e3a50/openvino-2026.4.1-22982-cp313-cp313-macosx_11_0_arm64.whl", hash = "sha256:60496e3153122913c8a2fa69d86b3a77ccc4e2469db87d76eb8acb49a5d22d63", size = 33341974, upload-time = "2026-10-01T09:59:03.149Z" },
    { url = "https://files.pythonhosted.org/packages/7f/8b/d2fb2611cd8160cb4c0e5401b9d87312961d77891eade431381e396a8d83/openvino-2026.4.1-22982-cp313-cp313-manylinux_2_28_x86_64.whl", hash = "sha256:a9b637846c579d7b81b17b6585e0c7b1947574e8d13cf83d7307ce50cd2c352e", size = 59142703, upload-time = "2026-10-01T09:59:06.972Z" },
    { url = "https://files.pythonhosted.org/packages/4f/2b/e3b9cb3870cfeb0f9b2ad0f9adba18e06e0168e0c72ed14a11adb66982e1/openvino-2026.4.1-22982-cp313-cp313-manylinux_2_35_aarch64.whl", hash = "sha256:fc45339ff7d539de76e6d7b04135c120504c797cfc8c2a0dde3d2d616b30c758", size = 30333747, upload-time = "2026-10-01T09:59:10.03Z" },
    { url = "https://files.pythonhosted.org/packages/35/e2/917952cd8d21351d10bf0ce694421de92a2b14a6269f0ba13d2504fcf6a9/openvino-2026.4.1-22982-cp313-cp313-win_amd64.whl", hash = "sha256:37c270c99d6de23439965e97cb5106389d3c8985f3b8bb90909a6ea0270db3f2", size = 84964362, upload-time = "2026-10-01T09:59:15.467Z" },
]

[[package]]
name = "openvino-genai"
version = "2026.4.1.0"
source = { registry = "https://pypi.org/simple" }
dependencies = [
    { name = "openvino-tokenizers" },
]
wheels = [
    { url = "https://files.pythonhosted.org/packages/2d/6d/907e78895e56d37013525c96a2f1cf89c2cb6efd4aaa3ea42a4b71b36182/openvino_genai-2026.4.1.0-2636-cp312-cp312-macosx_11_0_arm64.whl", hash = "sha256:9b6a415bc2d57ddfe21f0c54352f0254816cf0038f9939e571cf29c1b7ae2a25", size = 4505299, upload-time = "2026-10-01T10:02:47.696Z" },
    { url = "https://files.pythonhosted.org/packages/bb/88/0fe4ebbe51ca991eeb69baabf3a99d05c5c1db35a9ec3e0f43b3b6670268/openvino_genai-2026.4.1.0-2636-cp312-cp312-manylinux_2_28_x86_64.whl", hash = "sha256:9ac9caa404931598c1ad1af4aa5a009409483095e97ee55888c6055bd97394fb", size = 6659845, upload-time = "2026-10-01T10:02:49.17Z" },
    { url = "https://files.pythonhosted.org/packages/12/e8/ea15a6c847b2369bc8050150ea16362aaef3d1fefb2012723b625023ac8c/openvino_genai-2026.4.1.0-2636-cp312-cp312-manylinux_2_31_aarch64.whl", hash = "sha256:e930948fd0f19ba9732d86e5c99ff1b6ac589e27ea8a3900a085298629462a6a", size = 5810274, upload-time = "2026-10-01T10:02:50.682Z" },
    { url = "https://files.pythonhosted.org/packages/8d/16/30618b90e07e735cba428763c873aea625a4e2a47fbe059ea54a78718a34/openvino_genai-2026.4.1.0-2636-cp312-cp312-win_amd64.whl", hash = "sha256:9ca3545173020d758693d7e484ec6660fb5665ee149d0de0fb6b126d95f881c5", size = 3888058, upload-time = "2026-10-01T10:02:52.103Z" },
    { url = "https://files.pythonhosted.org/packages/64/94/d1330edfa627ad1825f2709355ac0e1c6420d1a805c6a0eeffc655023b52/openvino_genai-2026.4.1.0-2636-cp313-cp313-macosx_11_0_arm64.whl", hash = "sha256:5a2d622b42ac80bb23ca2e5b0a3e36d34193b46b1bfe8d32f5032f13ba4fdb93", size = 4505192, upload-time = "2026-10-01T10:02:53.399Z" },
    { url = "https://files.pythonhosted.org/packages/f9/ee/01ebe741b753fd8e552d7520aa7b7d1a14eb0b7d6456e821665825483269/openvino_genai-2026.4.1.0-2636-cp313-cp313-manylinux_2_28_x86_64.whl", hash = "sha256:60c6262c5da56601e17e1e37c1f42b41467bfe8493b4c562220f1a34f80b82a9", size = 6659753, upload-time = "2026-10-01T10:02:55.112Z" },
    { url = "https://files.pythonhosted.org/packages/c4/77/b85dc836a7e7a440c0ec47468ae28a60a03ba7c8fc230e080866f41ae819/openvino_genai-2026.4.1.0-2636-cp313-cp313-manylinux_2_31_aarch64.whl", hash = "sha256:c34f043ac8139640e7f5bca971918c4d24aeb66e25b860f51b561d7cad8822a8", size = 5810263, upload-time = "2026-10-01T10:02:56.647Z" },
    { url = "https://files.pythonhosted.org/packages/41/83/42f91abae06bf8588fc68efb6479502cf0fcaa1ab81255075253cfcb23a7/openvino_genai-2026.4.1.0-2636-cp313-cp313-win_amd64.whl", hash = "sha256:0c5e18cc9ca1f24332044fb76aba9c6c26a6cf5c25f44dd3189458fbb7c2eadd", size = 3888128, upload-time = "2026-10-01T10:02:58.058Z" },
]

[[package]]
name = "openvino-telemetry"
version = "2025.2.0"
source = { registry = "https://pypi.org/simple" }
sdist = { url = "https://files.pythonhosted.org/packages/71/8a/89d82f1a9d913fb266c2e6dc2f6030935db24b7152963a8db6c4f039787f/openvino_telemetry-2025.2.0.tar.gz", hash = "sha256:8bf8127218e51e99547bf38b8fb85a8b31c9bf96e6f3a82eb0b3b6a34155977c", size = 18894, upload-time = "2025-07-07T10:29:51.159Z" }
wheels = [
    { url = "https://files.pythonhosted.org/packages/3b/ac/5ab0ca0aa269ad3c73f7bfc3801b10e5f56f75a31bf68c1ae8bd51cf70a4/openvino_telemetry-2025.2.0-py3-none-any.whl", hash = "sha256:bcb667e83a44f202ecf4cfa49281715c6d7e21499daec04ff853b7f964833599", size = 25227, upload-time = "2025-07-07T10:29:50.189Z" },
]

[[package]]
name = "openvino-tokenizers"
version = "2026.4.1.0"
source = { registry = "https://pypi.org/simple" }
dependencies = [
    { name = "openvino" },
]
wheels = [
    { url = "https://files.pythonhosted.org/packages/d7/1e/95206bde53f46bca17e3d9e04e6d8ed4bbf6be56a866d6805ab2bda325c8/openvino_tokenizers-2026.4.1.0-py3-none-macosx_11_0_arm64.whl", hash = "sha256:ebdf1c297aa12abc15b1cccf13c1c47c46308d4b7527d4f05e68cd3e7743ec53", size = 1620236, upload-time = "2026-10-01T10:00:39.741Z" },
    { url = "https://files.pythonhosted.org/packages/8d/63/03b056370f6fa951256a1190b56e582b9315cab559e5338b3133b6eb87b1/openvino_tokenizers-2026.4.1.0-py3-none-manylinux_2_28_x86_64.whl", hash = "sha256:f30dc9d6dd9e485b10495bcf72fc257f33bf35938da783fbb8f17c98c5ab517f", size = 1857119, upload-time = "2026-10-01T10:00:41.15Z" },
    { url = "https://files.pythonhosted.org/packages/f0/8b/8ec5330aec4934c56f99959a03c73e45cd64da64182a50fbe86861a468fc/openvino_tokenizers-2026.4.1.0-py3-none-manylinux_2_31_aarch64.whl", hash = "sha256:3281bb8ba2347b3be23b77ac1c9d8ea93b52b66a4ae781d9e0e4ee2b71dea313", size = 1764145, upload-time = "2026-10-01T10:00:42.326Z" },
    { url = "https://files.pythonhosted.org/packages/7a/8f/3d8386a8ad50a02e51320028730aa8e65814c28d3bd9d20d6ecb01636421/openvino_tokenizers-2026.4.1.0-py3-none-win_amd64.whl", hash = "sha256:e6250eae9d00704249d21bfd8ad1600de2e49635aa2dcbb6e54a6aa9087f052d", size = 1560547, upload-time = "2026-10-01T10:00:43.782Z" },
]

[[package]]
name = "packaging"
version = "26.3"
source = { registry = "https://pypi.org/simple" }
sdist = { url = "https://files.pythonhosted.org/packages/7d/fa/3944b40b07da9ce895c0e6303a5ab7d53da063554f534556b134a54d6093/packaging-26.3.tar.gz", hash = "sha256:94edc256424af38762eb31306eed28beb9f0efc50a8837492c9d6fd6004aed79", size = 313412, upload-time = "2026-08-04T18:15:28.737Z" }
wheels = [
    { url = "https://files.pythonhosted.org/packages/63/34/ba1c580383c9eada3711951fef0795c80b829a078d72188184bcab9dd527/packaging-26.3-py3-none-any.whl", hash = "sha256:d7193f7c8e4e93f444fde0262bf90af30e16fa0ad0ad44cb553c87339b23cd1c", size = 129956, upload-time = "2026-08-04T18:15:27.159Z" },
]

[[package]]
name = "phi4-mini-instruct"
version = "0.1.0"
source = { editable = "." }
dependencies = [
    { name = "onnxruntime-genai" },
    { name = "openvino-genai" },
]

[package.metadata]
requires-dist = [
    { name = "onnxruntime-genai", specifier = ">=0.17.1,<0.18" },
    { name = "openvino-genai", specifier = ">=2026.4.1.0,<2027" },
]

[[package]]
name = "protobuf"
version = "7.36.2"
source = { registry = "https://pypi.org/simple" }
sdist = { url = "https://files.pythonhosted.org/packages/d9/89/5b8517baa72f84a67b8a307ba953c91057af618bf40bf676f3c03551f8f0/protobuf-7.36.2.tar.gz", hash = "sha256:497d0463ff3316681da6c0b9e8d06cb465d61abce00b613ab42226175644d1bb", size = 512737, upload-time = "2026-09-17T20:07:59.326Z" }
wheels = [
    { url = "https://files.pythonhosted.org/packages/32/72/98342feb672507c8f3a69e34b4fa8961f608edba5c1a48a6f47156d92cb5/protobuf-7.36.2-cp310-abi3-macosx_10_9_universal2.whl", hash = "sha256:cbc70b17ee27e28894c7fee8bb04be1abead49e936bc70eb60052531eee2079e", size = 456039, upload-time = "2026-09-17T20:07:51.542Z" },
    { url = "https://files.pythonhosted.org/packages/b6/ea/91fdf7c2b8bbd49cde056f00a9df6773532987e1c00fe2830b895af95c7e/protobuf-7.36.2-cp310-abi3-manylinux2014_aarch64.whl", hash = "sha256:e11e1f0180583a2af89db6a2ecd9e8dc40aa6d2988ca175bfd0e6d12ea72d74e", size = 344219, upload-time = "2026-09-17T20:07:52.914Z" },
    { url = "https://files.pythonhosted.org/packages/17/ab/5fd5f8ece73fad885c5a09aa849b32d70472f954ba3a92d3bb5974ea953b/protobuf-7.36.2-cp310-abi3-manylinux2014_s390x.whl", hash = "sha256:f4fee11ec330d238b34a05c9b675f693c20415d1c5bd7d5320cc2f8a798eb9cf", size = 357223, upload-time = "2026-09-17T20:07:53.985Z" },
    { url = "https://files.pythonhosted.org/packages/db/f3/3996583dd2906297a637af12114deddf7658af6e683fedb83be061983fb5/protobuf-7.36.2-cp310-abi3-manylinux2014_x86_64.whl", hash = "sha256:89f23aa53c24553a2416fd4fd1ec06f74fa42b14b546d8883128813f775bbfd2", size = 343223, upload-time = "2026-09-17T20:07:54.931Z" },
    { url = "https://files.pythonhosted.org/packages/fc/1b/dcc64f358fcb51811b58ae40b3d28f820725f116d86487cc20bd4b130701/protobuf-7.36.2-cp310-abi3-win32.whl", hash = "sha256:912c1221170e16c08d1f086762f563dd61ff83c18b5fa6652952dfaded66f728", size = 442998, upload-time = "2026-09-17T20:07:55.826Z" },
    { url = "https://files.pythonhosted.org/packages/8a/55/b77bda4e5e5f5971fb51b07663694690e9afdb9402136c16a522bd621cad/protobuf-7.36.2-cp310-abi3-win_amd64.whl", hash = "sha256:a300819d441e078a5608c0d3c709796bb548136058fda017ae51d425b44fd353", size = 456514, upload-time = "2026-09-17T20:07:57.188Z" },
    { url = "https://files.pythonhosted.org/packages/e4/04/d52c7016b04b6c5108f26691f9d33ec82a9b65d041f1a9c771137693d618/protobuf-7.36.2-py3-none-any.whl", hash = "sha256:bdb3a345d48db958e6ce1f18e508beb0cc981d64f24088427549c866cd039f1e", size = 179806, upload-time = "2026-09-17T20:07:58.211Z" },
]
